Microsoft Visual Studio Solution File, Format Version 12.00
# Visual Studio Version 17
VisualStudioVersion = 17.5.2.0
MinimumVisualStudioVersion = 10.0.40219.1
Project("{FAE04EC0-301F-11D3-BF4B-00C04F79EFBC}") = "C# projeto musical", "C# projeto musical.csproj", "{A24479BB-3B2D-B21E-856A-F39BD14A6411}"
EndProject
Global
	GlobalSection(SolutionConfigurationPlatforms) = preSolution
		Debug|Any CPU = Debug|Any CPU
		Release|Any CPU = Release|Any CPU
	EndGlobalSection
	GlobalSection(ProjectConfigurationPlatforms) = postSolution
		{A24479BB-3B2D-B21E-856A-F39BD14A6411}.Debug|Any CPU.ActiveCfg = Debug|Any CPU
		{A24479BB-3B2D-B21E-856A-F39BD14A6411}.Debug|Any CPU.Build.0 = Debug|Any CPU
		{A24479BB-3B2D-B21E-856A-F39BD14A6411}.Release|Any CPU.ActiveCfg = Release|Any CPU
		{A24479BB-3B2D-B21E-856A-F39BD14A6411}.Release|Any CPU.Build.0 = Release|Any CPU
	EndGlobalSection
	GlobalSection(SolutionProperties) = preSolution
		HideSolutionNode = FALSE
	EndGlobalSection
	GlobalSection(ExtensibilityGlobals) = postSolution
		SolutionGuid = {37487F1C-4499-47F4-98F8-366E91B96E3C}
	EndGlobalSection
EndGlobal
